
Microsoft Visual Studio Solution File, Format Version 12.00
# Visual Studio Version 17
VisualStudioVersion = 17.3.32922.545
MinimumVisualStudioVersion = 10.0.40219.1
Project("{FAE04EC0-301F-11D3-BF4B-00C04F79EFBC}") = "WebTTTT", "WebTTTT\WebTTTT.csproj", "{05444B87-181A-4B5B-A5C0-1F3DD311DF1F}"
EndProject
Global
	GlobalSection(SolutionConfigurationPlatforms) = preSolution
		Debug|Any CPU = Debug|Any CPU
		Release|Any CPU = Release|Any CPU
	EndGlobalSection
	GlobalSection(ProjectConfigurationPlatforms) = postSolution
		{05444B87-181A-4B5B-A5C0-1F3DD311DF1F}.Debug|Any CPU.ActiveCfg = Debug|Any CPU
		{05444B87-181A-4B5B-A5C0-1F3DD311DF1F}.Debug|Any CPU.Build.0 = Debug|Any CPU
		{05444B87-181A-4B5B-A5C0-1F3DD311DF1F}.Release|Any CPU.ActiveCfg = Release|Any CPU
		{05444B87-181A-4B5B-A5C0-1F3DD311DF1F}.Release|Any CPU.Build.0 = Release|Any CPU
	EndGlobalSection
	GlobalSection(SolutionProperties) = preSolution
		HideSolutionNode = FALSE
	EndGlobalSection
	GlobalSection(ExtensibilityGlobals) = postSolution
		SolutionGuid = {CA501151-9923-4271-A1EC-1E11AB115BDC}
	EndGlobalSection
EndGlobal
